
Microsoft Visual Studio Solution File, Format Version 12.00
# Visual Studio Version 17
VisualStudioVersion = 17.0.31903.59
MinimumVisualStudioVersion = 10.0.40219.1
Project("{FAE04EC0-301F-11D3-BF4B-00C04F79EFBC}") = "Stargazer.Common", "Stargazer.Common\Stargazer.Common.csproj", "{B127EE3D-0099-4FB3-8A69-960F247F3D71}"
EndProject
Global
	GlobalSection(SolutionConfigurationPlatforms) = preSolution
		Debug|Any CPU = Debug|Any CPU
		Release|Any CPU = Release|Any CPU
	EndGlobalSection
	GlobalSection(SolutionProperties) = preSolution
		HideSolutionNode = FALSE
	EndGlobalSection
	GlobalSection(ProjectConfigurationPlatforms) = postSolution
		{B127EE3D-0099-4FB3-8A69-960F247F3D71}.Debug|Any CPU.ActiveCfg = Debug|Any CPU
		{B127EE3D-0099-4FB3-8A69-960F247F3D71}.Debug|Any CPU.Build.0 = Debug|Any CPU
		{B127EE3D-0099-4FB3-8A69-960F247F3D71}.Release|Any CPU.ActiveCfg = Release|Any CPU
		{B127EE3D-0099-4FB3-8A69-960F247F3D71}.Release|Any CPU.Build.0 = Release|Any CPU
	EndGlobalSection
EndGlobal
